
Microsoft Visual Studio Solution File, Format Version 12.00
# Visual Studio Version 16
VisualStudioVersion = 16.0.32901.82
MinimumVisualStudioVersion = 10.0.40219.1
Project("{FAE04EC0-301F-11D3-BF4B-00C04F79EFBC}") = "WpfApp72", "WpfApp72.csproj", "{A2B87290-7E4B-48F9-A89B-D38F85D75197}"
EndProject
Global
	GlobalSection(SolutionConfigurationPlatforms) = preSolution
		Debug|Any CPU = Debug|Any CPU
		Release|Any CPU = Release|Any CPU
	EndGlobalSection
	GlobalSection(ProjectConfigurationPlatforms) = postSolution
		{A2B87290-7E4B-48F9-A89B-D38F85D75197}.Debug|Any CPU.ActiveCfg = Debug|Any CPU
		{A2B87290-7E4B-48F9-A89B-D38F85D75197}.Debug|Any CPU.Build.0 = Debug|Any CPU
		{A2B87290-7E4B-48F9-A89B-D38F85D75197}.Release|Any CPU.ActiveCfg = Release|Any CPU
		{A2B87290-7E4B-48F9-A89B-D38F85D75197}.Release|Any CPU.Build.0 = Release|Any CPU
	EndGlobalSection
	GlobalSection(SolutionProperties) = preSolution
		HideSolutionNode = FALSE
	EndGlobalSection
	GlobalSection(ExtensibilityGlobals) = postSolution
		SolutionGuid = {060C3A09-8201-4962-A5E3-3F29E0DB62BD}
	EndGlobalSection
EndGlobal
